
Microsoft Visual Studio Solution File, Format Version 12.00
# Visual Studio Version 16
VisualStudioVersion = 16.0.29709.97
MinimumVisualStudioVersion = 10.0.40219.1
Project("{FAE04EC0-301F-11D3-BF4B-00C04F79EFBC}") = "SubLottery", "SubLottery\SubLottery.csproj", "{6B0A9F51-DE2E-485B-BDFD-2D174386EF25}"
EndProject
Global
	GlobalSection(SolutionConfigurationPlatforms) = preSolution
		Debug|Any CPU = Debug|Any CPU
		Release|Any CPU = Release|Any CPU
	EndGlobalSection
	GlobalSection(ProjectConfigurationPlatforms) = postSolution
		{6B0A9F51-DE2E-485B-BDFD-2D174386EF25}.Debug|Any CPU.ActiveCfg = Debug|Any CPU
		{6B0A9F51-DE2E-485B-BDFD-2D174386EF25}.Debug|Any CPU.Build.0 = Debug|Any CPU
		{6B0A9F51-DE2E-485B-BDFD-2D174386EF25}.Release|Any CPU.ActiveCfg = Release|Any CPU
		{6B0A9F51-DE2E-485B-BDFD-2D174386EF25}.Release|Any CPU.Build.0 = Release|Any CPU
	EndGlobalSection
	GlobalSection(SolutionProperties) = preSolution
		HideSolutionNode = FALSE
	EndGlobalSection
	GlobalSection(ExtensibilityGlobals) = postSolution
		SolutionGuid = {C62C5065-A56E-4455-819D-F4F3F2D6828B}
	EndGlobalSection
EndGlobal
